
Microsoft Visual Studio Solution File, Format Version 12.00
# Visual Studio Version 16
VisualStudioVersion = 16.0.29215.179
MinimumVisualStudioVersion = 10.0.40219.1
Project("{9A19103F-16F7-4668-BE54-9A1E7A4F7556}") = "Common.Dependencies.Interfaces", "Dependencies.Interfaces\Common.Dependencies.Interfaces.csproj", "{F100E3A0-F981-46B6-A051-E57CC077257C}"
EndProject
Project("{2150E333-8FDC-42A3-9474-1A3956D46DE8}") = "Solution Items", "Solution Items", "{9D1274EB-F4FE-40E3-8407-D3F41C751F93}"
	ProjectSection(SolutionItems) = preProject
		Solution Items\favicon.ico = Solution Items\favicon.ico
		Solution Items\PackageIcon.png = Solution Items\PackageIcon.png
	EndProjectSection
EndProject
Project("{9A19103F-16F7-4668-BE54-9A1E7A4F7556}") = "Common.Dependencies.Extensions", "Dependencies.Extensions\Common.Dependencies.Extensions.csproj", "{7CD03009-8EEC-40F3-AC9B-3A0BA18DF7DE}"
EndProject
Project("{FAE04EC0-301F-11D3-BF4B-00C04F79EFBC}") = "Common.Dependencies.Extensions.Tests", "Dependencies.Extensions.Tests\Common.Dependencies.Extensions.Tests.csproj", "{C2644E46-305A-44CC-98ED-6FDD418F87D1}"
EndProject
Global
	GlobalSection(SolutionConfigurationPlatforms) = preSolution
		Debug|Any CPU = Debug|Any CPU
		Release|Any CPU = Release|Any CPU
	EndGlobalSection
	GlobalSection(ProjectConfigurationPlatforms) = postSolution
		{F100E3A0-F981-46B6-A051-E57CC077257C}.Debug|Any CPU.ActiveCfg = Debug|Any CPU
		{F100E3A0-F981-46B6-A051-E57CC077257C}.Debug|Any CPU.Build.0 = Debug|Any CPU
		{F100E3A0-F981-46B6-A051-E57CC077257C}.Release|Any CPU.ActiveCfg = Release|Any CPU
		{F100E3A0-F981-46B6-A051-E57CC077257C}.Release|Any CPU.Build.0 = Release|Any CPU
		{7CD03009-8EEC-40F3-AC9B-3A0BA18DF7DE}.Debug|Any CPU.ActiveCfg = Debug|Any CPU
		{7CD03009-8EEC-40F3-AC9B-3A0BA18DF7DE}.Debug|Any CPU.Build.0 = Debug|Any CPU
		{7CD03009-8EEC-40F3-AC9B-3A0BA18DF7DE}.Release|Any CPU.ActiveCfg = Release|Any CPU
		{7CD03009-8EEC-40F3-AC9B-3A0BA18DF7DE}.Release|Any CPU.Build.0 = Release|Any CPU
		{C2644E46-305A-44CC-98ED-6FDD418F87D1}.Debug|Any CPU.ActiveCfg = Debug|Any CPU
		{C2644E46-305A-44CC-98ED-6FDD418F87D1}.Debug|Any CPU.Build.0 = Debug|Any CPU
		{C2644E46-305A-44CC-98ED-6FDD418F87D1}.Release|Any CPU.ActiveCfg = Release|Any CPU
		{C2644E46-305A-44CC-98ED-6FDD418F87D1}.Release|Any CPU.Build.0 = Release|Any CPU
	EndGlobalSection
	GlobalSection(SolutionProperties) = preSolution
		HideSolutionNode = FALSE
	EndGlobalSection
	GlobalSection(ExtensibilityGlobals) = postSolution
		SolutionGuid = {BBADE7B3-3397-46EE-A773-68253DF73BEC}
	EndGlobalSection
EndGlobal
